
Microsoft Visual Studio Solution File, Format Version 12.00
# Visual Studio Version 17
VisualStudioVersion = 17.4.33213.308
MinimumVisualStudioVersion = 10.0.40219.1
Project("{2150E333-8FDC-42A3-9474-1A3956D46DE8}") = "scr", "scr", "{6EA3CB3B-C4FB-4861-94C0-7F2811CBB437}"
EndProject
Project("{2150E333-8FDC-42A3-9474-1A3956D46DE8}") = "0-API", "0-API", "{3A587C4D-6FA5-4A65-9433-7A3AE9467D90}"
EndProject
Project("{2150E333-8FDC-42A3-9474-1A3956D46DE8}") = "1-Application", "1-Application", "{DB5B9D69-207F-4E3A-88AE-2504ED182744}"
EndProject
Project("{2150E333-8FDC-42A3-9474-1A3956D46DE8}") = "2-Domain", "2-Domain", "{9746F415-CB53-4EAB-BEED-896095FCEA9F}"
EndProject
Project("{2150E333-8FDC-42A3-9474-1A3956D46DE8}") = "3-Infraestrtura", "3-Infraestrtura", "{A9F51864-C3D4-4749-A5C6-14D92045D027}"
EndProject
Project("{2150E333-8FDC-42A3-9474-1A3956D46DE8}") = "4-CrossCutting", "4-CrossCutting", "{E6049D1B-C4CE-4FDB-8477-5DD8A6E2512E}"
EndProject
Project("{FAE04EC0-301F-11D3-BF4B-00C04F79EFBC}") = "SalesLinkPro.API", "SalesLinkPro.API\SalesLinkPro.API.csproj", "{AA7B010E-A987-47D0-87D7-B23FB524AAE5}"
EndProject
Project("{FAE04EC0-301F-11D3-BF4B-00C04F79EFBC}") = "SalesLinkPRO.Application", "SalesLinkPRO.Application\SalesLinkPRO.Application.csproj", "{557213E7-07D1-4009-96AF-F5820D320948}"
EndProject
Project("{FAE04EC0-301F-11D3-BF4B-00C04F79EFBC}") = "SalesLinkPRO.CrossCutting", "SalesLinkPRO.CrossCutting\SalesLinkPRO.CrossCutting.csproj", "{E108D99B-243F-4DFE-B999-C31D009420C6}"
EndProject
Project("{FAE04EC0-301F-11D3-BF4B-00C04F79EFBC}") = "SalesLinkPRO.Domain", "SalesLinkPRO.Domain\SalesLinkPRO.Domain.csproj", "{E5722F56-C383-4A27-B30A-BC37034724D9}"
EndProject
Project("{FAE04EC0-301F-11D3-BF4B-00C04F79EFBC}") = "SalesLinkPRO.Infra", "SalesLinkPRO.Infra\SalesLinkPRO.Infra.csproj", "{9C36269E-FF8C-45CD-A0B9-533FD1D6AB08}"
EndProject
Global
	GlobalSection(SolutionConfigurationPlatforms) = preSolution
		Debug|Any CPU = Debug|Any CPU
		Release|Any CPU = Release|Any CPU
	EndGlobalSection
	GlobalSection(ProjectConfigurationPlatforms) = postSolution
		{AA7B010E-A987-47D0-87D7-B23FB524AAE5}.Debug|Any CPU.ActiveCfg = Debug|Any CPU
		{AA7B010E-A987-47D0-87D7-B23FB524AAE5}.Debug|Any CPU.Build.0 = Debug|Any CPU
		{AA7B010E-A987-47D0-87D7-B23FB524AAE5}.Release|Any CPU.ActiveCfg = Release|Any CPU
		{AA7B010E-A987-47D0-87D7-B23FB524AAE5}.Release|Any CPU.Build.0 = Release|Any CPU
		{557213E7-07D1-4009-96AF-F5820D320948}.Debug|Any CPU.ActiveCfg = Debug|Any CPU
		{557213E7-07D1-4009-96AF-F5820D320948}.Debug|Any CPU.Build.0 = Debug|Any CPU
		{557213E7-07D1-4009-96AF-F5820D320948}.Release|Any CPU.ActiveCfg = Release|Any CPU
		{557213E7-07D1-4009-96AF-F5820D320948}.Release|Any CPU.Build.0 = Release|Any CPU
		{E108D99B-243F-4DFE-B999-C31D009420C6}.Debug|Any CPU.ActiveCfg = Debug|Any CPU
		{E108D99B-243F-4DFE-B999-C31D009420C6}.Debug|Any CPU.Build.0 = Debug|Any CPU
		{E108D99B-243F-4DFE-B999-C31D009420C6}.Release|Any CPU.ActiveCfg = Release|Any CPU
		{E108D99B-243F-4DFE-B999-C31D009420C6}.Release|Any CPU.Build.0 = Release|Any CPU
		{E5722F56-C383-4A27-B30A-BC37034724D9}.Debug|Any CPU.ActiveCfg = Debug|Any CPU
		{E5722F56-C383-4A27-B30A-BC37034724D9}.Debug|Any CPU.Build.0 = Debug|Any CPU
		{E5722F56-C383-4A27-B30A-BC37034724D9}.Release|Any CPU.ActiveCfg = Release|Any CPU
		{E5722F56-C383-4A27-B30A-BC37034724D9}.Release|Any CPU.Build.0 = Release|Any CPU
		{9C36269E-FF8C-45CD-A0B9-533FD1D6AB08}.Debug|Any CPU.ActiveCfg = Debug|Any CPU
		{9C36269E-FF8C-45CD-A0B9-533FD1D6AB08}.Debug|Any CPU.Build.0 = Debug|Any CPU
		{9C36269E-FF8C-45CD-A0B9-533FD1D6AB08}.Release|Any CPU.ActiveCfg = Release|Any CPU
		{9C36269E-FF8C-45CD-A0B9-533FD1D6AB08}.Release|Any CPU.Build.0 = Release|Any CPU
	EndGlobalSection
	GlobalSection(SolutionProperties) = preSolution
		HideSolutionNode = FALSE
	EndGlobalSection
	GlobalSection(NestedProjects) = preSolution
		{3A587C4D-6FA5-4A65-9433-7A3AE9467D90} = {6EA3CB3B-C4FB-4861-94C0-7F2811CBB437}
		{DB5B9D69-207F-4E3A-88AE-2504ED182744} = {6EA3CB3B-C4FB-4861-94C0-7F2811CBB437}
		{9746F415-CB53-4EAB-BEED-896095FCEA9F} = {6EA3CB3B-C4FB-4861-94C0-7F2811CBB437}
		{A9F51864-C3D4-4749-A5C6-14D92045D027} = {6EA3CB3B-C4FB-4861-94C0-7F2811CBB437}
		{E6049D1B-C4CE-4FDB-8477-5DD8A6E2512E} = {6EA3CB3B-C4FB-4861-94C0-7F2811CBB437}
		{AA7B010E-A987-47D0-87D7-B23FB524AAE5} = {3A587C4D-6FA5-4A65-9433-7A3AE9467D90}
		{557213E7-07D1-4009-96AF-F5820D320948} = {DB5B9D69-207F-4E3A-88AE-2504ED182744}
		{E108D99B-243F-4DFE-B999-C31D009420C6} = {E6049D1B-C4CE-4FDB-8477-5DD8A6E2512E}
		{E5722F56-C383-4A27-B30A-BC37034724D9} = {9746F415-CB53-4EAB-BEED-896095FCEA9F}
		{9C36269E-FF8C-45CD-A0B9-533FD1D6AB08} = {A9F51864-C3D4-4749-A5C6-14D92045D027}
	EndGlobalSection
	GlobalSection(ExtensibilityGlobals) = postSolution
		SolutionGuid = {9029523E-708A-4B16-BFE9-858D2D7234E5}
	EndGlobalSection
EndGlobal
